
Microsoft Visual Studio Solution File, Format Version 12.00
# Visual Studio Version 16
VisualStudioVersion = 16.0.30503.244
MinimumVisualStudioVersion = 10.0.40219.1
Project("{9A19103F-16F7-4668-BE54-9A1E7A4F7556}") = "Torvnen.UrlScanner.Tests.Integration", "tests\Torvnen.UrlScanner.Tests.Integration\Torvnen.UrlScanner.Tests.Integration.csproj", "{F1F03894-4E61-44EB-A8F8-479F5CE7C5CE}"
EndProject
Project("{9A19103F-16F7-4668-BE54-9A1E7A4F7556}") = "Torvnen.UrlScanner.Tests.Unit", "tests\Torvnen.UrlScanner.Tests.Unit\Torvnen.UrlScanner.Tests.Unit.csproj", "{A7E04090-6456-497F-B845-8E1DA30266D7}"
EndProject
Project("{9A19103F-16F7-4668-BE54-9A1E7A4F7556}") = "Torvnen.UrlScanner.UrlExtractor", "src\Torvnen.UrlScanner.StringProcessor\Torvnen.UrlScanner.UrlExtractor.csproj", "{069BC427-C541-4944-B27B-842383F5D1CC}"
EndProject
Project("{9A19103F-16F7-4668-BE54-9A1E7A4F7556}") = "Torvnen.UrlScanner.Api", "src\Torvnen.UrlScanner.Api\Torvnen.UrlScanner.Api.csproj", "{3A58B2E6-6DDB-4A4A-B5E2-C10A0361856C}"
EndProject
Project("{2150E333-8FDC-42A3-9474-1A3956D46DE8}") = "src", "src", "{14E7A386-3E66-48CA-AEF8-40104783519B}"
EndProject
Project("{2150E333-8FDC-42A3-9474-1A3956D46DE8}") = "tests", "tests", "{794CE218-911C-4133-BE11-FC7AD46BE318}"
EndProject
Global
	GlobalSection(SolutionConfigurationPlatforms) = preSolution
		Debug|Any CPU = Debug|Any CPU
		Release|Any CPU = Release|Any CPU
	EndGlobalSection
	GlobalSection(ProjectConfigurationPlatforms) = postSolution
		{F1F03894-4E61-44EB-A8F8-479F5CE7C5CE}.Debug|Any CPU.ActiveCfg = Debug|Any CPU
		{F1F03894-4E61-44EB-A8F8-479F5CE7C5CE}.Debug|Any CPU.Build.0 = Debug|Any CPU
		{F1F03894-4E61-44EB-A8F8-479F5CE7C5CE}.Release|Any CPU.ActiveCfg = Release|Any CPU
		{F1F03894-4E61-44EB-A8F8-479F5CE7C5CE}.Release|Any CPU.Build.0 = Release|Any CPU
		{A7E04090-6456-497F-B845-8E1DA30266D7}.Debug|Any CPU.ActiveCfg = Debug|Any CPU
		{A7E04090-6456-497F-B845-8E1DA30266D7}.Debug|Any CPU.Build.0 = Debug|Any CPU
		{A7E04090-6456-497F-B845-8E1DA30266D7}.Release|Any CPU.ActiveCfg = Release|Any CPU
		{A7E04090-6456-497F-B845-8E1DA30266D7}.Release|Any CPU.Build.0 = Release|Any CPU
		{069BC427-C541-4944-B27B-842383F5D1CC}.Debug|Any CPU.ActiveCfg = Debug|Any CPU
		{069BC427-C541-4944-B27B-842383F5D1CC}.Debug|Any CPU.Build.0 = Debug|Any CPU
		{069BC427-C541-4944-B27B-842383F5D1CC}.Release|Any CPU.ActiveCfg = Release|Any CPU
		{069BC427-C541-4944-B27B-842383F5D1CC}.Release|Any CPU.Build.0 = Release|Any CPU
		{3A58B2E6-6DDB-4A4A-B5E2-C10A0361856C}.Debug|Any CPU.ActiveCfg = Debug|Any CPU
		{3A58B2E6-6DDB-4A4A-B5E2-C10A0361856C}.Debug|Any CPU.Build.0 = Debug|Any CPU
		{3A58B2E6-6DDB-4A4A-B5E2-C10A0361856C}.Release|Any CPU.ActiveCfg = Release|Any CPU
		{3A58B2E6-6DDB-4A4A-B5E2-C10A0361856C}.Release|Any CPU.Build.0 = Release|Any CPU
	EndGlobalSection
	GlobalSection(SolutionProperties) = preSolution
		HideSolutionNode = FALSE
	EndGlobalSection
	GlobalSection(NestedProjects) = preSolution
		{F1F03894-4E61-44EB-A8F8-479F5CE7C5CE} = {794CE218-911C-4133-BE11-FC7AD46BE318}
		{A7E04090-6456-497F-B845-8E1DA30266D7} = {794CE218-911C-4133-BE11-FC7AD46BE318}
		{069BC427-C541-4944-B27B-842383F5D1CC} = {14E7A386-3E66-48CA-AEF8-40104783519B}
		{3A58B2E6-6DDB-4A4A-B5E2-C10A0361856C} = {14E7A386-3E66-48CA-AEF8-40104783519B}
	EndGlobalSection
	GlobalSection(ExtensibilityGlobals) = postSolution
		SolutionGuid = {FBF34292-45D7-45FB-8742-171501351C6B}
	EndGlobalSection
EndGlobal
