
Microsoft Visual Studio Solution File, Format Version 12.00
# Visual Studio Version 16
VisualStudioVersion = 16.0.30503.244
MinimumVisualStudioVersion = 10.0.40219.1
Project("{9A19103F-16F7-4668-BE54-9A1E7A4F7556}") = "Torvnen.UrlScanner.Api", "src\Torvnen.UrlScanner\Torvnen.UrlScanner.Api.csproj", "{B377D492-B9BE-4C68-96EA-899A89BF29B7}"
EndProject
Project("{FAE04EC0-301F-11D3-BF4B-00C04F79EFBC}") = "Torvnen.UrlScanner.Tests.Integration", "tests\Torvnen.UrlScanner.Tests.Integration\Torvnen.UrlScanner.Tests.Integration.csproj", "{F1F03894-4E61-44EB-A8F8-479F5CE7C5CE}"
EndProject
Project("{FAE04EC0-301F-11D3-BF4B-00C04F79EFBC}") = "Torvnen.UrlScanner.Tests.Unit", "tests\Torvnen.UrlScanner.Tests.Unit\Torvnen.UrlScanner.Tests.Unit.csproj", "{A7E04090-6456-497F-B845-8E1DA30266D7}"
EndProject
Global
	GlobalSection(SolutionConfigurationPlatforms) = preSolution
		Debug|Any CPU = Debug|Any CPU
		Release|Any CPU = Release|Any CPU
	EndGlobalSection
	GlobalSection(ProjectConfigurationPlatforms) = postSolution
		{B377D492-B9BE-4C68-96EA-899A89BF29B7}.Debug|Any CPU.ActiveCfg = Debug|Any CPU
		{B377D492-B9BE-4C68-96EA-899A89BF29B7}.Debug|Any CPU.Build.0 = Debug|Any CPU
		{B377D492-B9BE-4C68-96EA-899A89BF29B7}.Release|Any CPU.ActiveCfg = Release|Any CPU
		{B377D492-B9BE-4C68-96EA-899A89BF29B7}.Release|Any CPU.Build.0 = Release|Any CPU
		{F1F03894-4E61-44EB-A8F8-479F5CE7C5CE}.Debug|Any CPU.ActiveCfg = Debug|Any CPU
		{F1F03894-4E61-44EB-A8F8-479F5CE7C5CE}.Debug|Any CPU.Build.0 = Debug|Any CPU
		{F1F03894-4E61-44EB-A8F8-479F5CE7C5CE}.Release|Any CPU.ActiveCfg = Release|Any CPU
		{F1F03894-4E61-44EB-A8F8-479F5CE7C5CE}.Release|Any CPU.Build.0 = Release|Any CPU
		{A7E04090-6456-497F-B845-8E1DA30266D7}.Debug|Any CPU.ActiveCfg = Debug|Any CPU
		{A7E04090-6456-497F-B845-8E1DA30266D7}.Debug|Any CPU.Build.0 = Debug|Any CPU
		{A7E04090-6456-497F-B845-8E1DA30266D7}.Release|Any CPU.ActiveCfg = Release|Any CPU
		{A7E04090-6456-497F-B845-8E1DA30266D7}.Release|Any CPU.Build.0 = Release|Any CPU
	EndGlobalSection
	GlobalSection(SolutionProperties) = preSolution
		HideSolutionNode = FALSE
	EndGlobalSection
	GlobalSection(ExtensibilityGlobals) = postSolution
		SolutionGuid = {FBF34292-45D7-45FB-8742-171501351C6B}
	EndGlobalSection
EndGlobal
